// !$*UTF8*$!
{
	archiveVersion = 1;
	classes = {
	};
	objectVersion = 50;
	objects = {

/* Begin PBXBuildFile section */
		2025EA902160E6EB00AEA0ED /* House+Name.swift in Sources */ = {isa = PBXBuildFile; fileRef = 2025EA8F2160E6EB00AEA0ED /* House+Name.swift */; };
		20644B5E2152DAC0000BC3C8 /* Notification+Name.swift in Sources */ = {isa = PBXBuildFile; fileRef = 20644B5D2152DAC0000BC3C8 /* Notification+Name.swift */; };
		206A94FA21503372003E6BFA /* WikiViewController.swift in Sources */ = {isa = PBXBuildFile; fileRef = 206A94F821503372003E6BFA /* WikiViewController.swift */; };
		206A94FB21503372003E6BFA /* WikiViewController.xib in Resources */ = {isa = PBXBuildFile; fileRef = 206A94F921503372003E6BFA /* WikiViewController.xib */; };
		206A94FE215059AB003E6BFA /* HousesTableViewController.swift in Sources */ = {isa = PBXBuildFile; fileRef = 206A94FC215059AB003E6BFA /* HousesTableViewController.swift */; };
		206A94FF215059AB003E6BFA /* HousesTableViewController.xib in Resources */ = {isa = PBXBuildFile; fileRef = 206A94FD215059AB003E6BFA /* HousesTableViewController.xib */; };
		2078A34B2141B36300055794 /* AppDelegate.swift in Sources */ = {isa = PBXBuildFile; fileRef = 2078A34A2141B36300055794 /* AppDelegate.swift */; };
		2078A3522141B36600055794 /* Assets.xcassets in Resources */ = {isa = PBXBuildFile; fileRef = 2078A3512141B36600055794 /* Assets.xcassets */; };
		2078A3552141B36600055794 /* LaunchScreen.storyboard in Resources */ = {isa = PBXBuildFile; fileRef = 2078A3532141B36600055794 /* LaunchScreen.storyboard */; };
		2078A36B2141BBE100055794 /* HouseTests.swift in Sources */ = {isa = PBXBuildFile; fileRef = 2078A36A2141BBE100055794 /* HouseTests.swift */; };
		2078A36D2141BD6A00055794 /* House.swift in Sources */ = {isa = PBXBuildFile; fileRef = 2078A36C2141BD6A00055794 /* House.swift */; };
		2078A3702141C1DA00055794 /* Sigil.swift in Sources */ = {isa = PBXBuildFile; fileRef = 2078A36F2141C1DA00055794 /* Sigil.swift */; };
		2078A3722141C8BF00055794 /* PersonTests.swift in Sources */ = {isa = PBXBuildFile; fileRef = 2078A3712141C8BF00055794 /* PersonTests.swift */; };
		2078A3742141C91500055794 /* Person.swift in Sources */ = {isa = PBXBuildFile; fileRef = 2078A3732141C91500055794 /* Person.swift */; };
		2091B1AF215189B30042A480 /* MemberListViewController.swift in Sources */ = {isa = PBXBuildFile; fileRef = 2091B1AD215189B30042A480 /* MemberListViewController.swift */; };
		2091B1B0215189B30042A480 /* MemberListViewController.xib in Resources */ = {isa = PBXBuildFile; fileRef = 2091B1AE215189B30042A480 /* MemberListViewController.xib */; };
		2091B1B22151AA610042A480 /* Constants.swift in Sources */ = {isa = PBXBuildFile; fileRef = 2091B1B12151AA610042A480 /* Constants.swift */; };
		209C9297215FC6E200D34392 /* SeasonListViewController.swift in Sources */ = {isa = PBXBuildFile; fileRef = 209C9295215FC6E200D34392 /* SeasonListViewController.swift */; };
		209C9298215FC6E200D34392 /* SeasonListViewController.xib in Resources */ = {isa = PBXBuildFile; fileRef = 209C9296215FC6E200D34392 /* SeasonListViewController.xib */; };
		209C929B215FC85B00D34392 /* SeasonDetailViewController.swift in Sources */ = {isa = PBXBuildFile; fileRef = 209C9299215FC85B00D34392 /* SeasonDetailViewController.swift */; };
		209C929C215FC85B00D34392 /* SeasonDetailViewController.xib in Resources */ = {isa = PBXBuildFile; fileRef = 209C929A215FC85B00D34392 /* SeasonDetailViewController.xib */; };
		209C929F215FD35700D34392 /* EpisodeDetailViewController.swift in Sources */ = {isa = PBXBuildFile; fileRef = 209C929D215FD35700D34392 /* EpisodeDetailViewController.swift */; };
		209C92A0215FD35700D34392 /* EpisodeDetailViewController.xib in Resources */ = {isa = PBXBuildFile; fileRef = 209C929E215FD35700D34392 /* EpisodeDetailViewController.xib */; };
		209C92A2216002F200D34392 /* SplitViewDelegate.swift in Sources */ = {isa = PBXBuildFile; fileRef = 209C92A1216002F200D34392 /* SplitViewDelegate.swift */; };
		209C92A42160266E00D34392 /* TabBarDelegate.swift in Sources */ = {isa = PBXBuildFile; fileRef = 209C92A32160266E00D34392 /* TabBarDelegate.swift */; };
		20B2AAD52160E92600EC8EDA /* MemberDetailViewController.swift in Sources */ = {isa = PBXBuildFile; fileRef = 20B2AAD32160E92600EC8EDA /* MemberDetailViewController.swift */; };
		20B2AAD62160E92600EC8EDA /* MemberDetailViewController.xib in Resources */ = {isa = PBXBuildFile; fileRef = 20B2AAD42160E92600EC8EDA /* MemberDetailViewController.xib */; };
		20C88BE5215AADEF006B29B9 /* Season.swift in Sources */ = {isa = PBXBuildFile; fileRef = 20C88BE4215AADEF006B29B9 /* Season.swift */; };
		20C88BE7215AAE00006B29B9 /* SeasonTests.swift in Sources */ = {isa = PBXBuildFile; fileRef = 20C88BE6215AAE00006B29B9 /* SeasonTests.swift */; };
		20C88BE9215AB4A0006B29B9 /* Episode.swift in Sources */ = {isa = PBXBuildFile; fileRef = 20C88BE8215AB4A0006B29B9 /* Episode.swift */; };
		20C88BEB215AB4B8006B29B9 /* EpisodeTests.swift in Sources */ = {isa = PBXBuildFile; fileRef = 20C88BEA215AB4B8006B29B9 /* EpisodeTests.swift */; };
		20D4E8BA214E5126008D3BE0 /* HouseDetailController.swift in Sources */ = {isa = PBXBuildFile; fileRef = 20D4E8B8214E5126008D3BE0 /* HouseDetailController.swift */; };
		20D4E8BB214E5126008D3BE0 /* HouseDetailController.xib in Resources */ = {isa = PBXBuildFile; fileRef = 20D4E8B9214E5126008D3BE0 /* HouseDetailController.xib */; };
		20D4E8BF214E5CE1008D3BE0 /* UIViewController+Navigation.swift in Sources */ = {isa = PBXBuildFile; fileRef = 20D4E8BE214E5CE1008D3BE0 /* UIViewController+Navigation.swift */; };
		20D4E8C1214E5E0E008D3BE0 /* RepositoryTests.swift in Sources */ = {isa = PBXBuildFile; fileRef = 20D4E8C0214E5E0E008D3BE0 /* RepositoryTests.swift */; };
		20D4E8C3214E5E4B008D3BE0 /* Repository.swift in Sources */ = {isa = PBXBuildFile; fileRef = 20D4E8C2214E5E4B008D3BE0 /* Repository.swift */; };
/* End PBXBuildFile section */

/* Begin PBXContainerItemProxy section */
		2078A35C2141B36600055794 /* PBXContainerItemProxy */ = {
			isa = PBXContainerItemProxy;
			containerPortal = 2078A33F2141B36300055794 /* Project object */;
			proxyType = 1;
			remoteGlobalIDString = 2078A3462141B36300055794;
			remoteInfo = Westeros;
		};
/* End PBXContainerItemProxy section */

/* Begin PBXFileReference section */
		2025EA8F2160E6EB00AEA0ED /* House+Name.swift */ = {isa = PBXFileReference; lastKnownFileType = sourcecode.swift; path = "House+Name.swift"; sourceTree = "<group>"; };
		20644B5D2152DAC0000BC3C8 /* Notification+Name.swift */ = {isa = PBXFileReference; lastKnownFileType = sourcecode.swift; path = "Notification+Name.swift"; sourceTree = "<group>"; };
		206A94F821503372003E6BFA /* WikiViewController.swift */ = {isa = PBXFileReference; lastKnownFileType = sourcecode.swift; path = WikiViewController.swift; sourceTree = "<group>"; };
		206A94F921503372003E6BFA /* WikiViewController.xib */ = {isa = PBXFileReference; lastKnownFileType = file.xib; path = WikiViewController.xib; sourceTree = "<group>"; };
		206A94FC215059AB003E6BFA /* HousesTableViewController.swift */ = {isa = PBXFileReference; lastKnownFileType = sourcecode.swift; path = HousesTableViewController.swift; sourceTree = "<group>"; };
		206A94FD215059AB003E6BFA /* HousesTableViewController.xib */ = {isa = PBXFileReference; lastKnownFileType = file.xib; path = HousesTableViewController.xib; sourceTree = "<group>"; };
		2078A3472141B36300055794 /* Westeros.app */ = {isa = PBXFileReference; explicitFileType = wrapper.application; includeInIndex = 0; path = Westeros.app; sourceTree = BUILT_PRODUCTS_DIR; };
		2078A34A2141B36300055794 /* AppDelegate.swift */ = {isa = PBXFileReference; lastKnownFileType = sourcecode.swift; path = AppDelegate.swift; sourceTree = "<group>"; };
		2078A3512141B36600055794 /* Assets.xcassets */ = {isa = PBXFileReference; lastKnownFileType = folder.assetcatalog; path = Assets.xcassets; sourceTree = "<group>"; };
		2078A3542141B36600055794 /* Base */ = {isa = PBXFileReference; lastKnownFileType = file.storyboard; name = Base; path = Base.lproj/LaunchScreen.storyboard; sourceTree = "<group>"; };
		2078A3562141B36600055794 /* Info.plist */ = {isa = PBXFileReference; lastKnownFileType = text.plist.xml; path = Info.plist; sourceTree = "<group>"; };
		2078A35B2141B36600055794 /* WesterosTests.xctest */ = {isa = PBXFileReference; explicitFileType = wrapper.cfbundle; includeInIndex = 0; path = WesterosTests.xctest; sourceTree = BUILT_PRODUCTS_DIR; };
		2078A3612141B36600055794 /* Info.plist */ = {isa = PBXFileReference; lastKnownFileType = text.plist.xml; path = Info.plist; sourceTree = "<group>"; };
		2078A36A2141BBE100055794 /* HouseTests.swift */ = {isa = PBXFileReference; lastKnownFileType = sourcecode.swift; path = HouseTests.swift; sourceTree = "<group>"; };
		2078A36C2141BD6A00055794 /* House.swift */ = {isa = PBXFileReference; lastKnownFileType = sourcecode.swift; path = House.swift; sourceTree = "<group>"; };
		2078A36F2141C1DA00055794 /* Sigil.swift */ = {isa = PBXFileReference; lastKnownFileType = sourcecode.swift; path = Sigil.swift; sourceTree = "<group>"; };
		2078A3712141C8BF00055794 /* PersonTests.swift */ = {isa = PBXFileReference; lastKnownFileType = sourcecode.swift; path = PersonTests.swift; sourceTree = "<group>"; };
		2078A3732141C91500055794 /* Person.swift */ = {isa = PBXFileReference; lastKnownFileType = sourcecode.swift; path = "\U0010Person.swift"; sourceTree = "<group>"; };
		2091B1AD215189B30042A480 /* MemberListViewController.swift */ = {isa = PBXFileReference; lastKnownFileType = sourcecode.swift; path = MemberListViewController.swift; sourceTree = "<group>"; };
		2091B1AE215189B30042A480 /* MemberListViewController.xib */ = {isa = PBXFileReference; lastKnownFileType = file.xib; path = MemberListViewController.xib; sourceTree = "<group>"; };
		2091B1B12151AA610042A480 /* Constants.swift */ = {isa = PBXFileReference; lastKnownFileType = sourcecode.swift; path = Constants.swift; sourceTree = "<group>"; };
		209C9295215FC6E200D34392 /* SeasonListViewController.swift */ = {isa = PBXFileReference; lastKnownFileType = sourcecode.swift; path = SeasonListViewController.swift; sourceTree = "<group>"; };
		209C9296215FC6E200D34392 /* SeasonListViewController.xib */ = {isa = PBXFileReference; lastKnownFileType = file.xib; path = SeasonListViewController.xib; sourceTree = "<group>"; };
		209C9299215FC85B00D34392 /* SeasonDetailViewController.swift */ = {isa = PBXFileReference; lastKnownFileType = sourcecode.swift; path = SeasonDetailViewController.swift; sourceTree = "<group>"; };
		209C929A215FC85B00D34392 /* SeasonDetailViewController.xib */ = {isa = PBXFileReference; lastKnownFileType = file.xib; path = SeasonDetailViewController.xib; sourceTree = "<group>"; };
		209C929D215FD35700D34392 /* EpisodeDetailViewController.swift */ = {isa = PBXFileReference; lastKnownFileType = sourcecode.swift; path = EpisodeDetailViewController.swift; sourceTree = "<group>"; };
		209C929E215FD35700D34392 /* EpisodeDetailViewController.xib */ = {isa = PBXFileReference; lastKnownFileType = file.xib; path = EpisodeDetailViewController.xib; sourceTree = "<group>"; };
		209C92A1216002F200D34392 /* SplitViewDelegate.swift */ = {isa = PBXFileReference; lastKnownFileType = sourcecode.swift; path = SplitViewDelegate.swift; sourceTree = "<group>"; };
		209C92A32160266E00D34392 /* TabBarDelegate.swift */ = {isa = PBXFileReference; lastKnownFileType = sourcecode.swift; path = TabBarDelegate.swift; sourceTree = "<group>"; };
		20B2AAD32160E92600EC8EDA /* MemberDetailViewController.swift */ = {isa = PBXFileReference; lastKnownFileType = sourcecode.swift; path = MemberDetailViewController.swift; sourceTree = "<group>"; };
		20B2AAD42160E92600EC8EDA /* MemberDetailViewController.xib */ = {isa = PBXFileReference; lastKnownFileType = file.xib; path = MemberDetailViewController.xib; sourceTree = "<group>"; };
		20C88BE4215AADEF006B29B9 /* Season.swift */ = {isa = PBXFileReference; lastKnownFileType = sourcecode.swift; path = Season.swift; sourceTree = "<group>"; };
		20C88BE6215AAE00006B29B9 /* SeasonTests.swift */ = {isa = PBXFileReference; lastKnownFileType = sourcecode.swift; path = SeasonTests.swift; sourceTree = "<group>"; };
		20C88BE8215AB4A0006B29B9 /* Episode.swift */ = {isa = PBXFileReference; lastKnownFileType = sourcecode.swift; path = Episode.swift; sourceTree = "<group>"; };
		20C88BEA215AB4B8006B29B9 /* EpisodeTests.swift */ = {isa = PBXFileReference; lastKnownFileType = sourcecode.swift; path = EpisodeTests.swift; sourceTree = "<group>"; };
		20D4E8B8214E5126008D3BE0 /* HouseDetailController.swift */ = {isa = PBXFileReference; lastKnownFileType = sourcecode.swift; path = HouseDetailController.swift; sourceTree = "<group>"; };
		20D4E8B9214E5126008D3BE0 /* HouseDetailController.xib */ = {isa = PBXFileReference; lastKnownFileType = file.xib; path = HouseDetailController.xib; sourceTree = "<group>"; };
		20D4E8BE214E5CE1008D3BE0 /* UIViewController+Navigation.swift */ = {isa = PBXFileReference; lastKnownFileType = sourcecode.swift; path = "UIViewController+Navigation.swift"; sourceTree = "<group>"; };
		20D4E8C0214E5E0E008D3BE0 /* RepositoryTests.swift */ = {isa = PBXFileReference; lastKnownFileType = sourcecode.swift; path = RepositoryTests.swift; sourceTree = "<group>"; };
		20D4E8C2214E5E4B008D3BE0 /* Repository.swift */ = {isa = PBXFileReference; lastKnownFileType = sourcecode.swift; path = Repository.swift; sourceTree = "<group>"; };
/* End PBXFileReference section */

/* Begin PBXFrameworksBuildPhase section */
		2078A3442141B36300055794 /* Frameworks */ = {
			isa = PBXFrameworksBuildPhase;
			buildActionMask = 2147483647;
			files = (
			);
			runOnlyForDeploymentPostprocessing = 0;
		};
		2078A3582141B36600055794 /* Frameworks */ = {
			isa = PBXFrameworksBuildPhase;
			buildActionMask = 2147483647;
			files = (
			);
			runOnlyForDeploymentPostprocessing = 0;
		};
/* End PBXFrameworksBuildPhase section */

/* Begin PBXGroup section */
		2078A33E2141B36300055794 = {
			isa = PBXGroup;
			children = (
				2078A3492141B36300055794 /* Westeros */,
				2078A35E2141B36600055794 /* WesterosTests */,
				2078A3482141B36300055794 /* Products */,
			);
			sourceTree = "<group>";
		};
		2078A3482141B36300055794 /* Products */ = {
			isa = PBXGroup;
			children = (
				2078A3472141B36300055794 /* Westeros.app */,
				2078A35B2141B36600055794 /* WesterosTests.xctest */,
			);
			name = Products;
			sourceTree = "<group>";
		};
		2078A3492141B36300055794 /* Westeros */ = {
			isa = PBXGroup;
			children = (
				20D4E8BD214E5CBA008D3BE0 /* Extensions */,
				20D4E8BC214E512C008D3BE0 /* Controllers */,
				209C92A62160348E00D34392 /* Delegates */,
				2078A36E2141BD7100055794 /* Domain */,
				2078A34A2141B36300055794 /* AppDelegate.swift */,
				2078A3512141B36600055794 /* Assets.xcassets */,
				2078A3532141B36600055794 /* LaunchScreen.storyboard */,
				2078A3562141B36600055794 /* Info.plist */,
				2091B1B12151AA610042A480 /* Constants.swift */,
			);
			path = Westeros;
			sourceTree = "<group>";
		};
		2078A35E2141B36600055794 /* WesterosTests */ = {
			isa = PBXGroup;
			children = (
				2078A3612141B36600055794 /* Info.plist */,
				2078A36A2141BBE100055794 /* HouseTests.swift */,
				2078A3712141C8BF00055794 /* PersonTests.swift */,
				20D4E8C0214E5E0E008D3BE0 /* RepositoryTests.swift */,
				20C88BE6215AAE00006B29B9 /* SeasonTests.swift */,
				20C88BEA215AB4B8006B29B9 /* EpisodeTests.swift */,
			);
			path = WesterosTests;
			sourceTree = "<group>";
		};
		2078A36E2141BD7100055794 /* Domain */ = {
			isa = PBXGroup;
			children = (
				20D4E8C4214E5E82008D3BE0 /* Repository */,
				2078A36C2141BD6A00055794 /* House.swift */,
				2078A36F2141C1DA00055794 /* Sigil.swift */,
				2078A3732141C91500055794 /* Person.swift */,
				20C88BE4215AADEF006B29B9 /* Season.swift */,
				20C88BE8215AB4A0006B29B9 /* Episode.swift */,
			);
			path = Domain;
			sourceTree = "<group>";
		};
		209C92A62160348E00D34392 /* Delegates */ = {
			isa = PBXGroup;
			children = (
				209C92A1216002F200D34392 /* SplitViewDelegate.swift */,
				209C92A32160266E00D34392 /* TabBarDelegate.swift */,
			);
			path = Delegates;
			sourceTree = "<group>";
		};
		20D4E8BC214E512C008D3BE0 /* Controllers */ = {
			isa = PBXGroup;
			children = (
				20D4E8B9214E5126008D3BE0 /* HouseDetailController.xib */,
				20D4E8B8214E5126008D3BE0 /* HouseDetailController.swift */,
				206A94F821503372003E6BFA /* WikiViewController.swift */,
				206A94F921503372003E6BFA /* WikiViewController.xib */,
				206A94FC215059AB003E6BFA /* HousesTableViewController.swift */,
				206A94FD215059AB003E6BFA /* HousesTableViewController.xib */,
				2091B1AD215189B30042A480 /* MemberListViewController.swift */,
				2091B1AE215189B30042A480 /* MemberListViewController.xib */,
				209C9295215FC6E200D34392 /* SeasonListViewController.swift */,
				209C9296215FC6E200D34392 /* SeasonListViewController.xib */,
				209C9299215FC85B00D34392 /* SeasonDetailViewController.swift */,
				209C929A215FC85B00D34392 /* SeasonDetailViewController.xib */,
				209C929D215FD35700D34392 /* EpisodeDetailViewController.swift */,
				209C929E215FD35700D34392 /* EpisodeDetailViewController.xib */,
				20B2AAD32160E92600EC8EDA /* MemberDetailViewController.swift */,
				20B2AAD42160E92600EC8EDA /* MemberDetailViewController.xib */,
			);
			path = Controllers;
			sourceTree = "<group>";
		};
		20D4E8BD214E5CBA008D3BE0 /* Extensions */ = {
			isa = PBXGroup;
			children = (
				20D4E8BE214E5CE1008D3BE0 /* UIViewController+Navigation.swift */,
				20644B5D2152DAC0000BC3C8 /* Notification+Name.swift */,
				2025EA8F2160E6EB00AEA0ED /* House+Name.swift */,
			);
			path = Extensions;
			sourceTree = "<group>";
		};
		20D4E8C4214E5E82008D3BE0 /* Repository */ = {
			isa = PBXGroup;
			children = (
				20D4E8C2214E5E4B008D3BE0 /* Repository.swift */,
			);
			path = Repository;
			sourceTree = "<group>";
		};
/* End PBXGroup section */

/* Begin PBXNativeTarget section */
		2078A3462141B36300055794 /* Westeros */ = {
			isa = PBXNativeTarget;
			buildConfigurationList = 2078A3642141B36600055794 /* Build configuration list for PBXNativeTarget "Westeros" */;
			buildPhases = (
				2078A3432141B36300055794 /* Sources */,
				2078A3442141B36300055794 /* Frameworks */,
				2078A3452141B36300055794 /* Resources */,
			);
			buildRules = (
			);
			dependencies = (
			);
			name = Westeros;
			productName = Westeros;
			productReference = 2078A3472141B36300055794 /* Westeros.app */;
			productType = "com.apple.product-type.application";
		};
		2078A35A2141B36600055794 /* WesterosTests */ = {
			isa = PBXNativeTarget;
			buildConfigurationList = 2078A3672141B36600055794 /* Build configuration list for PBXNativeTarget "WesterosTests" */;
			buildPhases = (
				2078A3572141B36600055794 /* Sources */,
				2078A3582141B36600055794 /* Frameworks */,
				2078A3592141B36600055794 /* Resources */,
			);
			buildRules = (
			);
			dependencies = (
				2078A35D2141B36600055794 /* PBXTargetDependency */,
			);
			name = WesterosTests;
			productName = WesterosTests;
			productReference = 2078A35B2141B36600055794 /* WesterosTests.xctest */;
			productType = "com.apple.product-type.bundle.unit-test";
		};
/* End PBXNativeTarget section */

/* Begin PBXProject section */
		2078A33F2141B36300055794 /* Project object */ = {
			isa = PBXProject;
			attributes = {
				LastSwiftUpdateCheck = 1000;
				LastUpgradeCheck = 1000;
				ORGANIZATIONNAME = "Adrián Silva";
				TargetAttributes = {
					2078A3462141B36300055794 = {
						CreatedOnToolsVersion = 10.0;
					};
					2078A35A2141B36600055794 = {
						CreatedOnToolsVersion = 10.0;
						LastSwiftMigration = 1000;
						TestTargetID = 2078A3462141B36300055794;
					};
				};
			};
			buildConfigurationList = 2078A3422141B36300055794 /* Build configuration list for PBXProject "Westeros" */;
			compatibilityVersion = "Xcode 9.3";
			developmentRegion = en;
			hasScannedForEncodings = 0;
			knownRegions = (
				en,
				Base,
			);
			mainGroup = 2078A33E2141B36300055794;
			productRefGroup = 2078A3482141B36300055794 /* Products */;
			projectDirPath = "";
			projectRoot = "";
			targets = (
				2078A3462141B36300055794 /* Westeros */,
				2078A35A2141B36600055794 /* WesterosTests */,
			);
		};
/* End PBXProject section */

/* Begin PBXResourcesBuildPhase section */
		2078A3452141B36300055794 /* Resources */ = {
			isa = PBXResourcesBuildPhase;
			buildActionMask = 2147483647;
			files = (
				2078A3552141B36600055794 /* LaunchScreen.storyboard in Resources */,
				20B2AAD62160E92600EC8EDA /* MemberDetailViewController.xib in Resources */,
				209C9298215FC6E200D34392 /* SeasonListViewController.xib in Resources */,
				2078A3522141B36600055794 /* Assets.xcassets in Resources */,
				209C929C215FC85B00D34392 /* SeasonDetailViewController.xib in Resources */,
				206A94FB21503372003E6BFA /* WikiViewController.xib in Resources */,
				20D4E8BB214E5126008D3BE0 /* HouseDetailController.xib in Resources */,
				2091B1B0215189B30042A480 /* MemberListViewController.xib in Resources */,
				206A94FF215059AB003E6BFA /* HousesTableViewController.xib in Resources */,
				209C92A0215FD35700D34392 /* EpisodeDetailViewController.xib in Resources */,
			);
			runOnlyForDeploymentPostprocessing = 0;
		};
		2078A3592141B36600055794 /* Resources */ = {
			isa = PBXResourcesBuildPhase;
			buildActionMask = 2147483647;
			files = (
			);
			runOnlyForDeploymentPostprocessing = 0;
		};
/* End PBXResourcesBuildPhase section */

/* Begin PBXSourcesBuildPhase section */
		2078A3432141B36300055794 /* Sources */ = {
			isa = PBXSourcesBuildPhase;
			buildActionMask = 2147483647;
			files = (
				209C92A2216002F200D34392 /* SplitViewDelegate.swift in Sources */,
				209C929B215FC85B00D34392 /* SeasonDetailViewController.swift in Sources */,
				20D4E8C3214E5E4B008D3BE0 /* Repository.swift in Sources */,
				2091B1B22151AA610042A480 /* Constants.swift in Sources */,
				20B2AAD52160E92600EC8EDA /* MemberDetailViewController.swift in Sources */,
				209C92A42160266E00D34392 /* TabBarDelegate.swift in Sources */,
				20D4E8BF214E5CE1008D3BE0 /* UIViewController+Navigation.swift in Sources */,
				2078A3702141C1DA00055794 /* Sigil.swift in Sources */,
				2078A3742141C91500055794 /* Person.swift in Sources */,
				20644B5E2152DAC0000BC3C8 /* Notification+Name.swift in Sources */,
				2091B1AF215189B30042A480 /* MemberListViewController.swift in Sources */,
				2078A36D2141BD6A00055794 /* House.swift in Sources */,
				20D4E8BA214E5126008D3BE0 /* HouseDetailController.swift in Sources */,
				206A94FE215059AB003E6BFA /* HousesTableViewController.swift in Sources */,
				206A94FA21503372003E6BFA /* WikiViewController.swift in Sources */,
				209C929F215FD35700D34392 /* EpisodeDetailViewController.swift in Sources */,
				20C88BE5215AADEF006B29B9 /* Season.swift in Sources */,
				209C9297215FC6E200D34392 /* SeasonListViewController.swift in Sources */,
				20C88BE9215AB4A0006B29B9 /* Episode.swift in Sources */,
				2078A34B2141B36300055794 /* AppDelegate.swift in Sources */,
				2025EA902160E6EB00AEA0ED /* House+Name.swift in Sources */,
			);
			runOnlyForDeploymentPostprocessing = 0;
		};
		2078A3572141B36600055794 /* Sources */ = {
			isa = PBXSourcesBuildPhase;
			buildActionMask = 2147483647;
			files = (
				20C88BE7215AAE00006B29B9 /* SeasonTests.swift in Sources */,
				2078A36B2141BBE100055794 /* HouseTests.swift in Sources */,
				2078A3722141C8BF00055794 /* PersonTests.swift in Sources */,
				20C88BEB215AB4B8006B29B9 /* EpisodeTests.swift in Sources */,
				20D4E8C1214E5E0E008D3BE0 /* RepositoryTests.swift in Sources */,
			);
			runOnlyForDeploymentPostprocessing = 0;
		};
/* End PBXSourcesBuildPhase section */

/* Begin PBXTargetDependency section */
		2078A35D2141B36600055794 /* PBXTargetDependency */ = {
			isa = PBXTargetDependency;
			target = 2078A3462141B36300055794 /* Westeros */;
			targetProxy = 2078A35C2141B36600055794 /* PBXContainerItemProxy */;
		};
/* End PBXTargetDependency section */

/* Begin PBXVariantGroup section */
		2078A3532141B36600055794 /* LaunchScreen.storyboard */ = {
			isa = PBXVariantGroup;
			children = (
				2078A3542141B36600055794 /* Base */,
			);
			name = LaunchScreen.storyboard;
			sourceTree = "<group>";
		};
/* End PBXVariantGroup section */

/* Begin XCBuildConfiguration section */
		2078A3622141B36600055794 /* Debug */ = {
			isa = XCBuildConfiguration;
			buildSettings = {
				ALWAYS_SEARCH_USER_PATHS = NO;
				CLANG_ANALYZER_NONNULL = YES;
				CLANG_ANALYZER_NUMBER_OBJECT_CONVERSION = YES_AGGRESSIVE;
				CLANG_CXX_LANGUAGE_STANDARD = "gnu++14";
				CLANG_CXX_LIBRARY = "libc++";
				CLANG_ENABLE_MODULES = YES;
				CLANG_ENABLE_OBJC_ARC = YES;
				CLANG_ENABLE_OBJC_WEAK = YES;
				CLANG_WARN_BLOCK_CAPTURE_AUTORELEASING = YES;
				CLANG_WARN_BOOL_CONVERSION = YES;
				CLANG_WARN_COMMA = YES;
				CLANG_WARN_CONSTANT_CONVERSION = YES;
				CLANG_WARN_DEPRECATED_OBJC_IMPLEMENTATIONS = YES;
				CLANG_WARN_DIRECT_OBJC_ISA_USAGE = YES_ERROR;
				CLANG_WARN_DOCUMENTATION_COMMENTS = YES;
				CLANG_WARN_EMPTY_BODY = YES;
				CLANG_WARN_ENUM_CONVERSION = YES;
				CLANG_WARN_INFINITE_RECURSION = YES;
				CLANG_WARN_INT_CONVERSION = YES;
				CLANG_WARN_NON_LITERAL_NULL_CONVERSION = YES;
				CLANG_WARN_OBJC_IMPLICIT_RETAIN_SELF = YES;
				CLANG_WARN_OBJC_LITERAL_CONVERSION = YES;
				CLANG_WARN_OBJC_ROOT_CLASS = YES_ERROR;
				CLANG_WARN_RANGE_LOOP_ANALYSIS = YES;
				CLANG_WARN_STRICT_PROTOTYPES = YES;
				CLANG_WARN_SUSPICIOUS_MOVE = YES;
				CLANG_WARN_UNGUARDED_AVAILABILITY = YES_AGGRESSIVE;
				CLANG_WARN_UNREACHABLE_CODE = YES;
				CLANG_WARN__DUPLICATE_METHOD_MATCH = YES;
				CODE_SIGN_IDENTITY = "iPhone Developer";
				COPY_PHASE_STRIP = NO;
				DEBUG_INFORMATION_FORMAT = dwarf;
				ENABLE_STRICT_OBJC_MSGSEND = YES;
				ENABLE_TESTABILITY = YES;
				GCC_C_LANGUAGE_STANDARD = gnu11;
				GCC_DYNAMIC_NO_PIC = NO;
				GCC_NO_COMMON_BLOCKS = YES;
				GCC_OPTIMIZATION_LEVEL = 0;
				GCC_PREPROCESSOR_DEFINITIONS = (
					"DEBUG=1",
					"$(inherited)",
				);
				GCC_WARN_64_TO_32_BIT_CONVERSION = YES;
				GCC_WARN_ABOUT_RETURN_TYPE = YES_ERROR;
				GCC_WARN_UNDECLARED_SELECTOR = YES;
				GCC_WARN_UNINITIALIZED_AUTOS = YES_AGGRESSIVE;
				GCC_WARN_UNUSED_FUNCTION = YES;
				GCC_WARN_UNUSED_VARIABLE = YES;
				IPHONEOS_DEPLOYMENT_TARGET = 12.0;
				MTL_ENABLE_DEBUG_INFO = INCLUDE_SOURCE;
				MTL_FAST_MATH = YES;
				ONLY_ACTIVE_ARCH = YES;
				SDKROOT = iphoneos;
				SWIFT_ACTIVE_COMPILATION_CONDITIONS = DEBUG;
				SWIFT_OPTIMIZATION_LEVEL = "-Onone";
			};
			name = Debug;
		};
		2078A3632141B36600055794 /* Release */ = {
			isa = XCBuildConfiguration;
			buildSettings = {
				ALWAYS_SEARCH_USER_PATHS = NO;
				CLANG_ANALYZER_NONNULL = YES;
				CLANG_ANALYZER_NUMBER_OBJECT_CONVERSION = YES_AGGRESSIVE;
				CLANG_CXX_LANGUAGE_STANDARD = "gnu++14";
				CLANG_CXX_LIBRARY = "libc++";
				CLANG_ENABLE_MODULES = YES;
				CLANG_ENABLE_OBJC_ARC = YES;
				CLANG_ENABLE_OBJC_WEAK = YES;
				CLANG_WARN_BLOCK_CAPTURE_AUTORELEASING = YES;
				CLANG_WARN_BOOL_CONVERSION = YES;
				CLANG_WARN_COMMA = YES;
				CLANG_WARN_CONSTANT_CONVERSION = YES;
				CLANG_WARN_DEPRECATED_OBJC_IMPLEMENTATIONS = YES;
				CLANG_WARN_DIRECT_OBJC_ISA_USAGE = YES_ERROR;
				CLANG_WARN_DOCUMENTATION_COMMENTS = YES;
				CLANG_WARN_EMPTY_BODY = YES;
				CLANG_WARN_ENUM_CONVERSION = YES;
				CLANG_WARN_INFINITE_RECURSION = YES;
				CLANG_WARN_INT_CONVERSION = YES;
				CLANG_WARN_NON_LITERAL_NULL_CONVERSION = YES;
				CLANG_WARN_OBJC_IMPLICIT_RETAIN_SELF = YES;
				CLANG_WARN_OBJC_LITERAL_CONVERSION = YES;
				CLANG_WARN_OBJC_ROOT_CLASS = YES_ERROR;
				CLANG_WARN_RANGE_LOOP_ANALYSIS = YES;
				CLANG_WARN_STRICT_PROTOTYPES = YES;
				CLANG_WARN_SUSPICIOUS_MOVE = YES;
				CLANG_WARN_UNGUARDED_AVAILABILITY = YES_AGGRESSIVE;
				CLANG_WARN_UNREACHABLE_CODE = YES;
				CLANG_WARN__DUPLICATE_METHOD_MATCH = YES;
				CODE_SIGN_IDENTITY = "iPhone Developer";
				COPY_PHASE_STRIP = NO;
				DEBUG_INFORMATION_FORMAT = "dwarf-with-dsym";
				ENABLE_NS_ASSERTIONS = NO;
				ENABLE_STRICT_OBJC_MSGSEND = YES;
				GCC_C_LANGUAGE_STANDARD = gnu11;
				GCC_NO_COMMON_BLOCKS = YES;
				GCC_WARN_64_TO_32_BIT_CONVERSION = YES;
				GCC_WARN_ABOUT_RETURN_TYPE = YES_ERROR;
				GCC_WARN_UNDECLARED_SELECTOR = YES;
				GCC_WARN_UNINITIALIZED_AUTOS = YES_AGGRESSIVE;
				GCC_WARN_UNUSED_FUNCTION = YES;
				GCC_WARN_UNUSED_VARIABLE = YES;
				IPHONEOS_DEPLOYMENT_TARGET = 12.0;
				MTL_ENABLE_DEBUG_INFO = NO;
				MTL_FAST_MATH = YES;
				SDKROOT = iphoneos;
				SWIFT_COMPILATION_MODE = wholemodule;
				SWIFT_OPTIMIZATION_LEVEL = "-O";
				VALIDATE_PRODUCT = YES;
			};
			name = Release;
		};
		2078A3652141B36600055794 /* Debug */ = {
			isa = XCBuildConfiguration;
			buildSettings = {
				ASSETCATALOG_COMPILER_APPICON_NAME = AppIcon;
				CODE_SIGN_STYLE = Automatic;
				DEVELOPMENT_TEAM = 6SZ9MGTL76;
				INFOPLIST_FILE = Westeros/Info.plist;
				LD_RUNPATH_SEARCH_PATHS = (
					"$(inherited)",
					"@executable_path/Frameworks",
				);
				PRODUCT_BUNDLE_IDENTIFIER = com.adsilva.Westeros;
				PRODUCT_NAME = "$(TARGET_NAME)";
				SWIFT_VERSION = 4.2;
				TARGETED_DEVICE_FAMILY = "1,2";
			};
			name = Debug;
		};
		2078A3662141B36600055794 /* Release */ = {
			isa = XCBuildConfiguration;
			buildSettings = {
				ASSETCATALOG_COMPILER_APPICON_NAME = AppIcon;
				CODE_SIGN_STYLE = Automatic;
				DEVELOPMENT_TEAM = 6SZ9MGTL76;
				INFOPLIST_FILE = Westeros/Info.plist;
				LD_RUNPATH_SEARCH_PATHS = (
					"$(inherited)",
					"@executable_path/Frameworks",
				);
				PRODUCT_BUNDLE_IDENTIFIER = com.adsilva.Westeros;
				PRODUCT_NAME = "$(TARGET_NAME)";
				SWIFT_VERSION = 4.2;
				TARGETED_DEVICE_FAMILY = "1,2";
			};
			name = Release;
		};
		2078A3682141B36600055794 /* Debug */ = {
			isa = XCBuildConfiguration;
			buildSettings = {
				ALWAYS_EMBED_SWIFT_STANDARD_LIBRARIES = YES;
				BUNDLE_LOADER = "$(TEST_HOST)";
				CLANG_ENABLE_MODULES = YES;
				CODE_SIGN_STYLE = Automatic;
				DEVELOPMENT_TEAM = 6SZ9MGTL76;
				INFOPLIST_FILE = WesterosTests/Info.plist;
				LD_RUNPATH_SEARCH_PATHS = (
					"$(inherited)",
					"@executable_path/Frameworks",
					"@loader_path/Frameworks",
				);
				PRODUCT_BUNDLE_IDENTIFIER = com.adsilva.WesterosTests;
				PRODUCT_NAME = "$(TARGET_NAME)";
				SWIFT_OPTIMIZATION_LEVEL = "-Onone";
				SWIFT_VERSION = 4.2;
				TARGETED_DEVICE_FAMILY = "1,2";
				TEST_HOST = "$(BUILT_PRODUCTS_DIR)/Westeros.app/Westeros";
			};
			name = Debug;
		};
		2078A3692141B36600055794 /* Release */ = {
			isa = XCBuildConfiguration;
			buildSettings = {
				ALWAYS_EMBED_SWIFT_STANDARD_LIBRARIES = YES;
				BUNDLE_LOADER = "$(TEST_HOST)";
				CLANG_ENABLE_MODULES = YES;
				CODE_SIGN_STYLE = Automatic;
				DEVELOPMENT_TEAM = 6SZ9MGTL76;
				INFOPLIST_FILE = WesterosTests/Info.plist;
				LD_RUNPATH_SEARCH_PATHS = (
					"$(inherited)",
					"@executable_path/Frameworks",
					"@loader_path/Frameworks",
				);
				PRODUCT_BUNDLE_IDENTIFIER = com.adsilva.WesterosTests;
				PRODUCT_NAME = "$(TARGET_NAME)";
				SWIFT_VERSION = 4.2;
				TARGETED_DEVICE_FAMILY = "1,2";
				TEST_HOST = "$(BUILT_PRODUCTS_DIR)/Westeros.app/Westeros";
			};
			name = Release;
		};
/* End XCBuildConfiguration section */

/* Begin XCConfigurationList section */
		2078A3422141B36300055794 /* Build configuration list for PBXProject "Westeros" */ = {
			isa = XCConfigurationList;
			buildConfigurations = (
				2078A3622141B36600055794 /* Debug */,
				2078A3632141B36600055794 /* Release */,
			);
			defaultConfigurationIsVisible = 0;
			defaultConfigurationName = Release;
		};
		2078A3642141B36600055794 /* Build configuration list for PBXNativeTarget "Westeros" */ = {
			isa = XCConfigurationList;
			buildConfigurations = (
				2078A3652141B36600055794 /* Debug */,
				2078A3662141B36600055794 /* Release */,
			);
			defaultConfigurationIsVisible = 0;
			defaultConfigurationName = Release;
		};
		2078A3672141B36600055794 /* Build configuration list for PBXNativeTarget "WesterosTests" */ = {
			isa = XCConfigurationList;
			buildConfigurations = (
				2078A3682141B36600055794 /* Debug */,
				2078A3692141B36600055794 /* Release */,
			);
			defaultConfigurationIsVisible = 0;
			defaultConfigurationName = Release;
		};
/* End XCConfigurationList section */
	};
	rootObject = 2078A33F2141B36300055794 /* Project object */;
}
